
Microsoft Visual Studio Solution File, Format Version 12.00
# Visual Studio Version 16
VisualStudioVersion = 16.0.28803.202
MinimumVisualStudioVersion = 10.0.40219.1
Project("{FAE04EC0-301F-11D3-BF4B-00C04F79EFBC}") = "ClassStatusUploader", "ClassStatusUploader\ClassStatusUploader.csproj", "{4C02EFD7-BB86-45E6-8243-44348DA50D7D}"
EndProject
Global
	GlobalSection(SolutionConfigurationPlatforms) = preSolution
		Debug|Any CPU = Debug|Any CPU
		Release|Any CPU = Release|Any CPU
	EndGlobalSection
	GlobalSection(ProjectConfigurationPlatforms) = postSolution
		{4C02EFD7-BB86-45E6-8243-44348DA50D7D}.Debug|Any CPU.ActiveCfg = Debug|Any CPU
		{4C02EFD7-BB86-45E6-8243-44348DA50D7D}.Debug|Any CPU.Build.0 = Debug|Any CPU
		{4C02EFD7-BB86-45E6-8243-44348DA50D7D}.Release|Any CPU.ActiveCfg = Release|Any CPU
		{4C02EFD7-BB86-45E6-8243-44348DA50D7D}.Release|Any CPU.Build.0 = Release|Any CPU
	EndGlobalSection
	GlobalSection(SolutionProperties) = preSolution
		HideSolutionNode = FALSE
	EndGlobalSection
	GlobalSection(ExtensibilityGlobals) = postSolution
		SolutionGuid = {B8AB1C20-6C5A-4F39-808C-E330A75EE068}
	EndGlobalSection
EndGlobal
